
Microsoft Visual Studio Solution File, Format Version 12.00
# Visual Studio Version 17
VisualStudioVersion = 17.0.32126.317
MinimumVisualStudioVersion = 10.0.40219.1
Project("{FAE04EC0-301F-11D3-BF4B-00C04F79EFBC}") = "Chess Game", "Chess Game\Chess Game.csproj", "{0EB8A621-8046-46E9-B3DF-272CE956D36C}"
EndProject
Global
	GlobalSection(SolutionConfigurationPlatforms) = preSolution
		Debug|Any CPU = Debug|Any CPU
		Release|Any CPU = Release|Any CPU
	EndGlobalSection
	GlobalSection(ProjectConfigurationPlatforms) = postSolution
		{0EB8A621-8046-46E9-B3DF-272CE956D36C}.Debug|Any CPU.ActiveCfg = Debug|Any CPU
		{0EB8A621-8046-46E9-B3DF-272CE956D36C}.Debug|Any CPU.Build.0 = Debug|Any CPU
		{0EB8A621-8046-46E9-B3DF-272CE956D36C}.Release|Any CPU.ActiveCfg = Release|Any CPU
		{0EB8A621-8046-46E9-B3DF-272CE956D36C}.Release|Any CPU.Build.0 = Release|Any CPU
	EndGlobalSection
	GlobalSection(SolutionProperties) = preSolution
		HideSolutionNode = FALSE
	EndGlobalSection
	GlobalSection(ExtensibilityGlobals) = postSolution
		SolutionGuid = {88DEB6D4-9D5A-4047-AB19-729376F22A0B}
	EndGlobalSection
EndGlobal
